{
  "version": 4,
  "terraform_version": "1.4.2",
  "serial": 55,
  "lineage": "14a591d2-9064-a63a-2199-400d869ebf53",
  "outputs": {
    "instace_type": {
      "value": "t2.micro",
      "type": "string"
    },
    "instance-id": {
      "value": {
        "ami": "ami-04581fbf744a7d11f",
        "arn": "arn:aws:ec2:us-east-1:711516362522:instance/i-042e745208caffa67",
        "associate_public_ip_address": true,
        "availability_zone": "us-east-1c",
        "capacity_reservation_specification": [
          {
            "capacity_reservation_preference": "open",
            "capacity_reservation_target": []
          }
        ],
        "cpu_core_count": 1,
        "cpu_threads_per_core": 1,
        "credit_specification": [
          {
            "cpu_credits": "standard"
          }
        ],
        "disable_api_stop": false,
        "disable_api_termination": false,
        "ebs_block_device": [],
        "ebs_optimized": false,
        "enclave_options": [
          {
            "enabled": false
          }
        ],
        "ephemeral_block_device": [],
        "get_password_data": false,
        "hibernation": false,
        "host_id": "",
        "host_resource_group_arn": null,
        "iam_instance_profile": "",
        "id": "i-042e745208caffa67",
        "instance_initiated_shutdown_behavior": "stop",
        "instance_state": "running",
        "instance_type": "t2.micro",
        "ipv6_address_count": 0,
        "ipv6_addresses": [],
        "key_name": "efskey",
        "launch_template": [],
        "maintenance_options": [
          {
            "auto_recovery": "default"
          }
        ],
        "metadata_options": [
          {
            "http_endpoint": "enabled",
            "http_put_response_hop_limit": 1,
            "http_tokens": "optional",
            "instance_metadata_tags": "disabled"
          }
        ],
        "monitoring": false,
        "network_interface": [],
        "outpost_arn": "",
        "password_data": "",
        "placement_group": "",
        "placement_partition_number": 0,
        "primary_network_interface_id": "eni-0bc2d4382fb16e173",
        "private_dns": "ip-172-31-85-38.ec2.internal",
        "private_dns_name_options": [
          {
            "enable_resource_name_dns_a_record": false,
            "enable_resource_name_dns_aaaa_record": false,
            "hostname_type": "ip-name"
          }
        ],
        "private_ip": "172.31.85.38",
        "public_dns": "ec2-3-87-185-123.compute-1.amazonaws.com",
        "public_ip": "3.87.185.123",
        "root_block_device": [
          {
            "delete_on_termination": true,
            "device_name": "/dev/xvda",
            "encrypted": false,
            "iops": 100,
            "kms_key_id": "",
            "tags": {},
            "throughput": 0,
            "volume_id": "vol-09741a155a996995f",
            "volume_size": 8,
            "volume_type": "gp2"
          }
        ],
        "secondary_private_ips": [],
        "security_groups": [
          "webserver1"
        ],
        "source_dest_check": true,
        "subnet_id": "subnet-0e7fe613a3811efe9",
        "tags": {
          "Name": "postgresql-server.qa",
          "env": "dev"
        },
        "tags_all": {
          "Name": "postgresql-server.qa",
          "env": "dev"
        },
        "tenancy": "default",
        "timeouts": null,
        "user_data": "a3f22763b8a94427728681c4dd4de688f50b2b29",
        "user_data_base64": null,
        "user_data_replace_on_change": false,
        "volume_tags": null,
        "vpc_security_group_ids": [
          "sg-078ac4ef7b9184fd9"
        ]
      },
      "type": [
        "object",
        {
          "ami": "string",
          "arn": "string",
          "associate_public_ip_address": "bool",
          "availability_zone": "string",
          "capacity_reservation_specification": [
            "list",
            [
              "object",
              {
                "capacity_reservation_preference": "string",
                "capacity_reservation_target": [
                  "list",
                  [
                    "object",
                    {
                      "capacity_reservation_id": "string",
                      "capacity_reservation_resource_group_arn": "string"
                    }
                  ]
                ]
              }
            ]
          ],
          "cpu_core_count": "number",
          "cpu_threads_per_core": "number",
          "credit_specification": [
            "list",
            [
              "object",
              {
                "cpu_credits": "string"
              }
            ]
          ],
          "disable_api_stop": "bool",
          "disable_api_termination": "bool",
          "ebs_block_device": [
            "set",
            [
              "object",
              {
                "delete_on_termination": "bool",
                "device_name": "string",
                "encrypted": "bool",
                "iops": "number",
                "kms_key_id": "string",
                "snapshot_id": "string",
                "tags": [
                  "map",
                  "string"
                ],
                "throughput": "number",
                "volume_id": "string",
                "volume_size": "number",
                "volume_type": "string"
              }
            ]
          ],
          "ebs_optimized": "bool",
          "enclave_options": [
            "list",
            [
              "object",
              {
                "enabled": "bool"
              }
            ]
          ],
          "ephemeral_block_device": [
            "set",
            [
              "object",
              {
                "device_name": "string",
                "no_device": "bool",
                "virtual_name": "string"
              }
            ]
          ],
          "get_password_data": "bool",
          "hibernation": "bool",
          "host_id": "string",
          "host_resource_group_arn": "string",
          "iam_instance_profile": "string",
          "id": "string",
          "instance_initiated_shutdown_behavior": "string",
          "instance_state": "string",
          "instance_type": "string",
          "ipv6_address_count": "number",
          "ipv6_addresses": [
            "list",
            "string"
          ],
          "key_name": "string",
          "launch_template": [
            "list",
            [
              "object",
              {
                "id": "string",
                "name": "string",
                "version": "string"
              }
            ]
          ],
          "maintenance_options": [
            "list",
            [
              "object",
              {
                "auto_recovery": "string"
              }
            ]
          ],
          "metadata_options": [
            "list",
            [
              "object",
              {
                "http_endpoint": "string",
                "http_put_response_hop_limit": "number",
                "http_tokens": "string",
                "instance_metadata_tags": "string"
              }
            ]
          ],
          "monitoring": "bool",
          "network_interface": [
            "set",
            [
              "object",
              {
                "delete_on_termination": "bool",
                "device_index": "number",
                "network_card_index": "number",
                "network_interface_id": "string"
              }
            ]
          ],
          "outpost_arn": "string",
          "password_data": "string",
          "placement_group": "string",
          "placement_partition_number": "number",
          "primary_network_interface_id": "string",
          "private_dns": "string",
          "private_dns_name_options": [
            "list",
            [
              "object",
              {
                "enable_resource_name_dns_a_record": "bool",
                "enable_resource_name_dns_aaaa_record": "bool",
                "hostname_type": "string"
              }
            ]
          ],
          "private_ip": "string",
          "public_dns": "string",
          "public_ip": "string",
          "root_block_device": [
            "list",
            [
              "object",
              {
                "delete_on_termination": "bool",
                "device_name": "string",
                "encrypted": "bool",
                "iops": "number",
                "kms_key_id": "string",
                "tags": [
                  "map",
                  "string"
                ],
                "throughput": "number",
                "volume_id": "string",
                "volume_size": "number",
                "volume_type": "string"
              }
            ]
          ],
          "secondary_private_ips": [
            "set",
            "string"
          ],
          "security_groups": [
            "set",
            "string"
          ],
          "source_dest_check": "bool",
          "subnet_id": "string",
          "tags": [
            "map",
            "string"
          ],
          "tags_all": [
            "map",
            "string"
          ],
          "tenancy": "string",
          "timeouts": [
            "object",
            {
              "create": "string",
              "delete": "string",
              "update": "string"
            }
          ],
          "user_data": "string",
          "user_data_base64": "string",
          "user_data_replace_on_change": "bool",
          "volume_tags": [
            "map",
            "string"
          ],
          "vpc_security_group_ids": [
            "set",
            "string"
          ]
        }
      ]
    },
    "private-ip": {
      "value": "172.31.85.38",
      "type": "string"
    },
    "public-ip": {
      "value": "3.87.185.123",
      "type": "string"
    }
  },
  "resources": [
    {
      "mode": "data",
      "type": "aws_security_group",
      "name": "sg1",
      "provider": "provider[\"registry.terraform.io/hashicorp/aws\"]",
      "instances": [
        {
          "schema_version": 0,
          "attributes": {
            "arn": "arn:aws:ec2:us-east-1:711516362522:security-group/sg-078ac4ef7b9184fd9",
            "description": "allow 22 80 8080",
            "filter": null,
            "id": "sg-078ac4ef7b9184fd9",
            "name": "webserver1",
            "tags": {},
            "timeouts": null,
            "vpc_id": "vpc-0c5de72692bae9894"
          },
          "sensitive_attributes": []
        }
      ]
    },
    {
      "mode": "managed",
      "type": "aws_instance",
      "name": "demo1",
      "provider": "provider[\"registry.terraform.io/hashicorp/aws\"]",
      "instances": [
        {
          "schema_version": 1,
          "attributes": {
            "ami": "ami-04581fbf744a7d11f",
            "arn": "arn:aws:ec2:us-east-1:711516362522:instance/i-042e745208caffa67",
            "associate_public_ip_address": true,
            "availability_zone": "us-east-1c",
            "capacity_reservation_specification": [
              {
                "capacity_reservation_preference": "open",
                "capacity_reservation_target": []
              }
            ],
            "cpu_core_count": 1,
            "cpu_threads_per_core": 1,
            "credit_specification": [
              {
                "cpu_credits": "standard"
              }
            ],
            "disable_api_stop": false,
            "disable_api_termination": false,
            "ebs_block_device": [],
            "ebs_optimized": false,
            "enclave_options": [
              {
                "enabled": false
              }
            ],
            "ephemeral_block_device": [],
            "get_password_data": false,
            "hibernation": false,
            "host_id": "",
            "host_resource_group_arn": null,
            "iam_instance_profile": "",
            "id": "i-042e745208caffa67",
            "instance_initiated_shutdown_behavior": "stop",
            "instance_state": "running",
            "instance_type": "t2.micro",
            "ipv6_address_count": 0,
            "ipv6_addresses": [],
            "key_name": "efskey",
            "launch_template": [],
            "maintenance_options": [
              {
                "auto_recovery": "default"
              }
            ],
            "metadata_options": [
              {
                "http_endpoint": "enabled",
                "http_put_response_hop_limit": 1,
                "http_tokens": "optional",
                "instance_metadata_tags": "disabled"
              }
            ],
            "monitoring": false,
            "network_interface": [],
            "outpost_arn": "",
            "password_data": "",
            "placement_group": "",
            "placement_partition_number": 0,
            "primary_network_interface_id": "eni-0bc2d4382fb16e173",
            "private_dns": "ip-172-31-85-38.ec2.internal",
            "private_dns_name_options": [
              {
                "enable_resource_name_dns_a_record": false,
                "enable_resource_name_dns_aaaa_record": false,
                "hostname_type": "ip-name"
              }
            ],
            "private_ip": "172.31.85.38",
            "public_dns": "ec2-3-87-185-123.compute-1.amazonaws.com",
            "public_ip": "3.87.185.123",
            "root_block_device": [
              {
                "delete_on_termination": true,
                "device_name": "/dev/xvda",
                "encrypted": false,
                "iops": 100,
                "kms_key_id": "",
                "tags": {},
                "throughput": 0,
                "volume_id": "vol-09741a155a996995f",
                "volume_size": 8,
                "volume_type": "gp2"
              }
            ],
            "secondary_private_ips": [],
            "security_groups": [
              "webserver1"
            ],
            "source_dest_check": true,
            "subnet_id": "subnet-0e7fe613a3811efe9",
            "tags": {
              "Name": "postgresql-server.qa",
              "env": "dev"
            },
            "tags_all": {
              "Name": "postgresql-server.qa",
              "env": "dev"
            },
            "tenancy": "default",
            "timeouts": null,
            "user_data": "a3f22763b8a94427728681c4dd4de688f50b2b29",
            "user_data_base64": null,
            "user_data_replace_on_change": false,
            "volume_tags": null,
            "vpc_security_group_ids": [
              "sg-078ac4ef7b9184fd9"
            ]
          },
          "sensitive_attributes": [],
          "private": "eyJlMmJmYjczMC1lY2FhLTExZTYtOGY4OC0zNDM2M2JjN2M0YzAiOnsiY3JlYXRlIjo2MDAwMDAwMDAwMDAsImRlbGV0ZSI6MTIwMDAwMDAwMDAwMCwidXBkYXRlIjo2MDAwMDAwMDAwMDB9LCJzY2hlbWFfdmVyc2lvbiI6IjEifQ==",
          "dependencies": [
            "data.aws_security_group.sg1"
          ]
        }
      ]
    },
    {
      "module": "module.vpc",
      "mode": "managed",
      "type": "aws_eip",
      "name": "nat",
      "provider": "provider[\"registry.terraform.io/hashicorp/aws\"]",
      "instances": [
        {
          "index_key": 0,
          "schema_version": 0,
          "attributes": {
            "address": null,
            "allocation_id": "eipalloc-0c5b0c635e82b5bbf",
            "associate_with_private_ip": null,
            "association_id": "",
            "carrier_ip": "",
            "customer_owned_ip": "",
            "customer_owned_ipv4_pool": "",
            "domain": "vpc",
            "id": "eipalloc-0c5b0c635e82b5bbf",
            "instance": "",
            "network_border_group": "us-east-1",
            "network_interface": "",
            "private_dns": null,
            "private_ip": "",
            "public_dns": "ec2-3-229-176-37.compute-1.amazonaws.com",
            "public_ip": "3.229.176.37",
            "public_ipv4_pool": "amazon",
            "tags": {
              "Environment": "dev",
              "Name": "terraform vpc-us-east-1a",
              "Terraform": "true"
            },
            "tags_all": {
              "Environment": "dev",
              "Name": "terraform vpc-us-east-1a",
              "Terraform": "true"
            },
            "timeouts": null,
            "vpc": true
          },
          "sensitive_attributes": [],
          "private": "eyJlMmJmYjczMC1lY2FhLTExZTYtOGY4OC0zNDM2M2JjN2M0YzAiOnsiZGVsZXRlIjoxODAwMDAwMDAwMDAsInJlYWQiOjkwMDAwMDAwMDAwMCwidXBkYXRlIjozMDAwMDAwMDAwMDB9fQ=="
        }
      ]
    },
    {
      "module": "module.vpc",
      "mode": "managed",
      "type": "aws_internet_gateway",
      "name": "this",
      "provider": "provider[\"registry.terraform.io/hashicorp/aws\"]",
      "instances": [
        {
          "index_key": 0,
          "schema_version": 0,
          "attributes": {
            "arn": "arn:aws:ec2:us-east-1:711516362522:internet-gateway/igw-053877ba722640aa1",
            "id": "igw-053877ba722640aa1",
            "owner_id": "711516362522",
            "tags": {
              "Environment": "dev",
              "Name": "terraform vpc",
              "Terraform": "true"
            },
            "tags_all": {
              "Environment": "dev",
              "Name": "terraform vpc",
              "Terraform": "true"
            },
            "timeouts": null,
            "vpc_id": "vpc-082bb76ec9a4a1d5e"
          },
          "sensitive_attributes": [],
          "private": "eyJlMmJmYjczMC1lY2FhLTExZTYtOGY4OC0zNDM2M2JjN2M0YzAiOnsiY3JlYXRlIjoxMjAwMDAwMDAwMDAwLCJkZWxldGUiOjEyMDAwMDAwMDAwMDAsInVwZGF0ZSI6MTIwMDAwMDAwMDAwMH19",
          "dependencies": [
            "module.vpc.aws_vpc.this",
            "module.vpc.aws_vpc_ipv4_cidr_block_association.this"
          ]
        }
      ]
    },
    {
      "module": "module.vpc",
      "mode": "managed",
      "type": "aws_nat_gateway",
      "name": "this",
      "provider": "provider[\"registry.terraform.io/hashicorp/aws\"]",
      "instances": [
        {
          "index_key": 0,
          "schema_version": 0,
          "attributes": {
            "allocation_id": "eipalloc-0c5b0c635e82b5bbf",
            "connectivity_type": "public",
            "id": "nat-05b689cd201089516",
            "network_interface_id": "eni-0169f1cb07f8b6e7d",
            "private_ip": "10.0.101.231",
            "public_ip": "3.229.176.37",
            "subnet_id": "subnet-0f5d12d6130545065",
            "tags": {
              "Environment": "dev",
              "Name": "terraform vpc-us-east-1a",
              "Terraform": "true"
            },
            "tags_all": {
              "Environment": "dev",
              "Name": "terraform vpc-us-east-1a",
              "Terraform": "true"
            }
          },
          "sensitive_attributes": [],
          "private": "bnVsbA==",
          "dependencies": [
            "module.vpc.aws_eip.nat",
            "module.vpc.aws_internet_gateway.this",
            "module.vpc.aws_subnet.public",
            "module.vpc.aws_vpc.this",
            "module.vpc.aws_vpc_ipv4_cidr_block_association.this"
          ]
        }
      ]
    },
    {
      "module": "module.vpc",
      "mode": "managed",
      "type": "aws_route",
      "name": "private_nat_gateway",
      "provider": "provider[\"registry.terraform.io/hashicorp/aws\"]",
      "instances": [
        {
          "index_key": 0,
          "schema_version": 0,
          "attributes": {
            "carrier_gateway_id": "",
            "core_network_arn": "",
            "destination_cidr_block": "0.0.0.0/0",
            "destination_ipv6_cidr_block": "",
            "destination_prefix_list_id": "",
            "egress_only_gateway_id": "",
            "gateway_id": "",
            "id": "r-rtb-006527736a85f81961080289494",
            "instance_id": "",
            "instance_owner_id": "",
            "local_gateway_id": "",
            "nat_gateway_id": "nat-05b689cd201089516",
            "network_interface_id": "",
            "origin": "CreateRoute",
            "route_table_id": "rtb-006527736a85f8196",
            "state": "active",
            "timeouts": {
              "create": "5m",
              "delete": null,
              "update": null
            },
            "transit_gateway_id": "",
            "vpc_endpoint_id": "",
            "vpc_peering_connection_id": ""
          },
          "sensitive_attributes": [],
          "private": "eyJlMmJmYjczMC1lY2FhLTExZTYtOGY4OC0zNDM2M2JjN2M0YzAiOnsiY3JlYXRlIjozMDAwMDAwMDAwMDAsImRlbGV0ZSI6MzAwMDAwMDAwMDAwLCJ1cGRhdGUiOjEyMDAwMDAwMDAwMH19",
          "dependencies": [
            "module.vpc.aws_eip.nat",
            "module.vpc.aws_internet_gateway.this",
            "module.vpc.aws_nat_gateway.this",
            "module.vpc.aws_route_table.private",
            "module.vpc.aws_subnet.public",
            "module.vpc.aws_vpc.this",
            "module.vpc.aws_vpc_ipv4_cidr_block_association.this"
          ]
        }
      ]
    },
    {
      "module": "module.vpc",
      "mode": "managed",
      "type": "aws_route",
      "name": "public_internet_gateway",
      "provider": "provider[\"registry.terraform.io/hashicorp/aws\"]",
      "instances": [
        {
          "index_key": 0,
          "schema_version": 0,
          "attributes": {
            "carrier_gateway_id": "",
            "core_network_arn": "",
            "destination_cidr_block": "0.0.0.0/0",
            "destination_ipv6_cidr_block": "",
            "destination_prefix_list_id": "",
            "egress_only_gateway_id": "",
            "gateway_id": "igw-053877ba722640aa1",
            "id": "r-rtb-023b387fd9ce112a11080289494",
            "instance_id": "",
            "instance_owner_id": "",
            "local_gateway_id": "",
            "nat_gateway_id": "",
            "network_interface_id": "",
            "origin": "CreateRoute",
            "route_table_id": "rtb-023b387fd9ce112a1",
            "state": "active",
            "timeouts": {
              "create": "5m",
              "delete": null,
              "update": null
            },
            "transit_gateway_id": "",
            "vpc_endpoint_id": "",
            "vpc_peering_connection_id": ""
          },
          "sensitive_attributes": [],
          "private": "eyJlMmJmYjczMC1lY2FhLTExZTYtOGY4OC0zNDM2M2JjN2M0YzAiOnsiY3JlYXRlIjozMDAwMDAwMDAwMDAsImRlbGV0ZSI6MzAwMDAwMDAwMDAwLCJ1cGRhdGUiOjEyMDAwMDAwMDAwMH19",
          "dependencies": [
            "module.vpc.aws_internet_gateway.this",
            "module.vpc.aws_route_table.public",
            "module.vpc.aws_vpc.this",
            "module.vpc.aws_vpc_ipv4_cidr_block_association.this"
          ]
        }
      ]
    },
    {
      "module": "module.vpc",
      "mode": "managed",
      "type": "aws_route_table",
      "name": "private",
      "provider": "provider[\"registry.terraform.io/hashicorp/aws\"]",
      "instances": [
        {
          "index_key": 0,
          "schema_version": 0,
          "attributes": {
            "arn": "arn:aws:ec2:us-east-1:711516362522:route-table/rtb-006527736a85f8196",
            "id": "rtb-006527736a85f8196",
            "owner_id": "711516362522",
            "propagating_vgws": [],
            "route": [],
            "tags": {
              "Environment": "dev",
              "Name": "terraform vpc-private",
              "Terraform": "true"
            },
            "tags_all": {
              "Environment": "dev",
              "Name": "terraform vpc-private",
              "Terraform": "true"
            },
            "timeouts": null,
            "vpc_id": "vpc-082bb76ec9a4a1d5e"
          },
          "sensitive_attributes": [],
          "private": "eyJlMmJmYjczMC1lY2FhLTExZTYtOGY4OC0zNDM2M2JjN2M0YzAiOnsiY3JlYXRlIjozMDAwMDAwMDAwMDAsImRlbGV0ZSI6MzAwMDAwMDAwMDAwLCJ1cGRhdGUiOjEyMDAwMDAwMDAwMH19",
          "dependencies": [
            "module.vpc.aws_vpc.this",
            "module.vpc.aws_vpc_ipv4_cidr_block_association.this"
          ]
        }
      ]
    },
    {
      "module": "module.vpc",
      "mode": "managed",
      "type": "aws_route_table",
      "name": "public",
      "provider": "provider[\"registry.terraform.io/hashicorp/aws\"]",
      "instances": [
        {
          "index_key": 0,
          "schema_version": 0,
          "attributes": {
            "arn": "arn:aws:ec2:us-east-1:711516362522:route-table/rtb-023b387fd9ce112a1",
            "id": "rtb-023b387fd9ce112a1",
            "owner_id": "711516362522",
            "propagating_vgws": [],
            "route": [],
            "tags": {
              "Environment": "dev",
              "Name": "terraform vpc-public",
              "Terraform": "true"
            },
            "tags_all": {
              "Environment": "dev",
              "Name": "terraform vpc-public",
              "Terraform": "true"
            },
            "timeouts": null,
            "vpc_id": "vpc-082bb76ec9a4a1d5e"
          },
          "sensitive_attributes": [],
          "private": "eyJlMmJmYjczMC1lY2FhLTExZTYtOGY4OC0zNDM2M2JjN2M0YzAiOnsiY3JlYXRlIjozMDAwMDAwMDAwMDAsImRlbGV0ZSI6MzAwMDAwMDAwMDAwLCJ1cGRhdGUiOjEyMDAwMDAwMDAwMH19",
          "dependencies": [
            "module.vpc.aws_vpc.this",
            "module.vpc.aws_vpc_ipv4_cidr_block_association.this"
          ]
        }
      ]
    },
    {
      "module": "module.vpc",
      "mode": "managed",
      "type": "aws_route_table_association",
      "name": "private",
      "provider": "provider[\"registry.terraform.io/hashicorp/aws\"]",
      "instances": [
        {
          "index_key": 0,
          "schema_version": 0,
          "attributes": {
            "gateway_id": "",
            "id": "rtbassoc-0b3af4282f56e6256",
            "route_table_id": "rtb-006527736a85f8196",
            "subnet_id": "subnet-09298a9349819292c"
          },
          "sensitive_attributes": [],
          "private": "bnVsbA==",
          "dependencies": [
            "module.vpc.aws_route_table.private",
            "module.vpc.aws_subnet.private",
            "module.vpc.aws_vpc.this",
            "module.vpc.aws_vpc_ipv4_cidr_block_association.this"
          ]
        },
        {
          "index_key": 1,
          "schema_version": 0,
          "attributes": {
            "gateway_id": "",
            "id": "rtbassoc-02edc3b5195d4be41",
            "route_table_id": "rtb-006527736a85f8196",
            "subnet_id": "subnet-05e2bc38152f93300"
          },
          "sensitive_attributes": [],
          "private": "bnVsbA==",
          "dependencies": [
            "module.vpc.aws_route_table.private",
            "module.vpc.aws_subnet.private",
            "module.vpc.aws_vpc.this",
            "module.vpc.aws_vpc_ipv4_cidr_block_association.this"
          ]
        }
      ]
    },
    {
      "module": "module.vpc",
      "mode": "managed",
      "type": "aws_route_table_association",
      "name": "public",
      "provider": "provider[\"registry.terraform.io/hashicorp/aws\"]",
      "instances": [
        {
          "index_key": 0,
          "schema_version": 0,
          "attributes": {
            "gateway_id": "",
            "id": "rtbassoc-08d8b8be38f19d3ad",
            "route_table_id": "rtb-023b387fd9ce112a1",
            "subnet_id": "subnet-0f5d12d6130545065"
          },
          "sensitive_attributes": [],
          "private": "bnVsbA==",
          "dependencies": [
            "module.vpc.aws_route_table.public",
            "module.vpc.aws_subnet.public",
            "module.vpc.aws_vpc.this",
            "module.vpc.aws_vpc_ipv4_cidr_block_association.this"
          ]
        },
        {
          "index_key": 1,
          "schema_version": 0,
          "attributes": {
            "gateway_id": "",
            "id": "rtbassoc-0467e329df9544f79",
            "route_table_id": "rtb-023b387fd9ce112a1",
            "subnet_id": "subnet-0e96f80208b968fcf"
          },
          "sensitive_attributes": [],
          "private": "bnVsbA==",
          "dependencies": [
            "module.vpc.aws_route_table.public",
            "module.vpc.aws_subnet.public",
            "module.vpc.aws_vpc.this",
            "module.vpc.aws_vpc_ipv4_cidr_block_association.this"
          ]
        }
      ]
    },
    {
      "module": "module.vpc",
      "mode": "managed",
      "type": "aws_subnet",
      "name": "private",
      "provider": "provider[\"registry.terraform.io/hashicorp/aws\"]",
      "instances": [
        {
          "index_key": 0,
          "schema_version": 1,
          "attributes": {
            "arn": "arn:aws:ec2:us-east-1:711516362522:subnet/subnet-09298a9349819292c",
            "assign_ipv6_address_on_creation": false,
            "availability_zone": "us-east-1a",
            "availability_zone_id": "use1-az6",
            "cidr_block": "10.0.1.0/24",
            "customer_owned_ipv4_pool": "",
            "enable_dns64": false,
            "enable_resource_name_dns_a_record_on_launch": false,
            "enable_resource_name_dns_aaaa_record_on_launch": false,
            "id": "subnet-09298a9349819292c",
            "ipv6_cidr_block": "",
            "ipv6_cidr_block_association_id": "",
            "ipv6_native": false,
            "map_customer_owned_ip_on_launch": false,
            "map_public_ip_on_launch": false,
            "outpost_arn": "",
            "owner_id": "711516362522",
            "private_dns_hostname_type_on_launch": "ip-name",
            "tags": {
              "Environment": "dev",
              "Name": "terraform vpc-private-us-east-1a",
              "Terraform": "true"
            },
            "tags_all": {
              "Environment": "dev",
              "Name": "terraform vpc-private-us-east-1a",
              "Terraform": "true"
            },
            "timeouts": null,
            "vpc_id": "vpc-082bb76ec9a4a1d5e"
          },
          "sensitive_attributes": [],
          "private": "eyJlMmJmYjczMC1lY2FhLTExZTYtOGY4OC0zNDM2M2JjN2M0YzAiOnsiY3JlYXRlIjo2MDAwMDAwMDAwMDAsImRlbGV0ZSI6MTIwMDAwMDAwMDAwMH0sInNjaGVtYV92ZXJzaW9uIjoiMSJ9",
          "dependencies": [
            "module.vpc.aws_vpc.this",
            "module.vpc.aws_vpc_ipv4_cidr_block_association.this"
          ]
        },
        {
          "index_key": 1,
          "schema_version": 1,
          "attributes": {
            "arn": "arn:aws:ec2:us-east-1:711516362522:subnet/subnet-05e2bc38152f93300",
            "assign_ipv6_address_on_creation": false,
            "availability_zone": "us-east-1b",
            "availability_zone_id": "use1-az1",
            "cidr_block": "10.0.2.0/24",
            "customer_owned_ipv4_pool": "",
            "enable_dns64": false,
            "enable_resource_name_dns_a_record_on_launch": false,
            "enable_resource_name_dns_aaaa_record_on_launch": false,
            "id": "subnet-05e2bc38152f93300",
            "ipv6_cidr_block": "",
            "ipv6_cidr_block_association_id": "",
            "ipv6_native": false,
            "map_customer_owned_ip_on_launch": false,
            "map_public_ip_on_launch": false,
            "outpost_arn": "",
            "owner_id": "711516362522",
            "private_dns_hostname_type_on_launch": "ip-name",
            "tags": {
              "Environment": "dev",
              "Name": "terraform vpc-private-us-east-1b",
              "Terraform": "true"
            },
            "tags_all": {
              "Environment": "dev",
              "Name": "terraform vpc-private-us-east-1b",
              "Terraform": "true"
            },
            "timeouts": null,
            "vpc_id": "vpc-082bb76ec9a4a1d5e"
          },
          "sensitive_attributes": [],
          "private": "eyJlMmJmYjczMC1lY2FhLTExZTYtOGY4OC0zNDM2M2JjN2M0YzAiOnsiY3JlYXRlIjo2MDAwMDAwMDAwMDAsImRlbGV0ZSI6MTIwMDAwMDAwMDAwMH0sInNjaGVtYV92ZXJzaW9uIjoiMSJ9",
          "dependencies": [
            "module.vpc.aws_vpc.this",
            "module.vpc.aws_vpc_ipv4_cidr_block_association.this"
          ]
        }
      ]
    },
    {
      "module": "module.vpc",
      "mode": "managed",
      "type": "aws_subnet",
      "name": "public",
      "provider": "provider[\"registry.terraform.io/hashicorp/aws\"]",
      "instances": [
        {
          "index_key": 0,
          "schema_version": 1,
          "attributes": {
            "arn": "arn:aws:ec2:us-east-1:711516362522:subnet/subnet-0f5d12d6130545065",
            "assign_ipv6_address_on_creation": false,
            "availability_zone": "us-east-1a",
            "availability_zone_id": "use1-az6",
            "cidr_block": "10.0.101.0/24",
            "customer_owned_ipv4_pool": "",
            "enable_dns64": false,
            "enable_resource_name_dns_a_record_on_launch": false,
            "enable_resource_name_dns_aaaa_record_on_launch": false,
            "id": "subnet-0f5d12d6130545065",
            "ipv6_cidr_block": "",
            "ipv6_cidr_block_association_id": "",
            "ipv6_native": false,
            "map_customer_owned_ip_on_launch": false,
            "map_public_ip_on_launch": true,
            "outpost_arn": "",
            "owner_id": "711516362522",
            "private_dns_hostname_type_on_launch": "ip-name",
            "tags": {
              "Environment": "dev",
              "Name": "terraform vpc-public-us-east-1a",
              "Terraform": "true"
            },
            "tags_all": {
              "Environment": "dev",
              "Name": "terraform vpc-public-us-east-1a",
              "Terraform": "true"
            },
            "timeouts": null,
            "vpc_id": "vpc-082bb76ec9a4a1d5e"
          },
          "sensitive_attributes": [],
          "private": "eyJlMmJmYjczMC1lY2FhLTExZTYtOGY4OC0zNDM2M2JjN2M0YzAiOnsiY3JlYXRlIjo2MDAwMDAwMDAwMDAsImRlbGV0ZSI6MTIwMDAwMDAwMDAwMH0sInNjaGVtYV92ZXJzaW9uIjoiMSJ9",
          "dependencies": [
            "module.vpc.aws_vpc.this",
            "module.vpc.aws_vpc_ipv4_cidr_block_association.this"
          ]
        },
        {
          "index_key": 1,
          "schema_version": 1,
          "attributes": {
            "arn": "arn:aws:ec2:us-east-1:711516362522:subnet/subnet-0e96f80208b968fcf",
            "assign_ipv6_address_on_creation": false,
            "availability_zone": "us-east-1b",
            "availability_zone_id": "use1-az1",
            "cidr_block": "10.0.102.0/24",
            "customer_owned_ipv4_pool": "",
            "enable_dns64": false,
            "enable_resource_name_dns_a_record_on_launch": false,
            "enable_resource_name_dns_aaaa_record_on_launch": false,
            "id": "subnet-0e96f80208b968fcf",
            "ipv6_cidr_block": "",
            "ipv6_cidr_block_association_id": "",
            "ipv6_native": false,
            "map_customer_owned_ip_on_launch": false,
            "map_public_ip_on_launch": true,
            "outpost_arn": "",
            "owner_id": "711516362522",
            "private_dns_hostname_type_on_launch": "ip-name",
            "tags": {
              "Environment": "dev",
              "Name": "terraform vpc-public-us-east-1b",
              "Terraform": "true"
            },
            "tags_all": {
              "Environment": "dev",
              "Name": "terraform vpc-public-us-east-1b",
              "Terraform": "true"
            },
            "timeouts": null,
            "vpc_id": "vpc-082bb76ec9a4a1d5e"
          },
          "sensitive_attributes": [],
          "private": "eyJlMmJmYjczMC1lY2FhLTExZTYtOGY4OC0zNDM2M2JjN2M0YzAiOnsiY3JlYXRlIjo2MDAwMDAwMDAwMDAsImRlbGV0ZSI6MTIwMDAwMDAwMDAwMH0sInNjaGVtYV92ZXJzaW9uIjoiMSJ9",
          "dependencies": [
            "module.vpc.aws_vpc.this",
            "module.vpc.aws_vpc_ipv4_cidr_block_association.this"
          ]
        }
      ]
    },
    {
      "module": "module.vpc",
      "mode": "managed",
      "type": "aws_vpc",
      "name": "this",
      "provider": "provider[\"registry.terraform.io/hashicorp/aws\"]",
      "instances": [
        {
          "index_key": 0,
          "schema_version": 1,
          "attributes": {
            "arn": "arn:aws:ec2:us-east-1:711516362522:vpc/vpc-082bb76ec9a4a1d5e",
            "assign_generated_ipv6_cidr_block": false,
            "cidr_block": "10.0.0.0/16",
            "default_network_acl_id": "acl-010b1e5dd705cf261",
            "default_route_table_id": "rtb-0d817939c80812338",
            "default_security_group_id": "sg-03c14aeaed152da6c",
            "dhcp_options_id": "dopt-05187e7a98d9cb86c",
            "enable_classiclink": false,
            "enable_classiclink_dns_support": false,
            "enable_dns_hostnames": false,
            "enable_dns_support": true,
            "enable_network_address_usage_metrics": false,
            "id": "vpc-082bb76ec9a4a1d5e",
            "instance_tenancy": "default",
            "ipv4_ipam_pool_id": null,
            "ipv4_netmask_length": null,
            "ipv6_association_id": "",
            "ipv6_cidr_block": "",
            "ipv6_cidr_block_network_border_group": "",
            "ipv6_ipam_pool_id": "",
            "ipv6_netmask_length": 0,
            "main_route_table_id": "rtb-0d817939c80812338",
            "owner_id": "711516362522",
            "tags": {
              "Environment": "dev",
              "Name": "terraform vpc",
              "Terraform": "true"
            },
            "tags_all": {
              "Environment": "dev",
              "Name": "terraform vpc",
              "Terraform": "true"
            }
          },
          "sensitive_attributes": [],
          "private": "eyJzY2hlbWFfdmVyc2lvbiI6IjEifQ=="
        }
      ]
    }
  ],
  "check_results": null
}
